
Microsoft Visual Studio Solution File, Format Version 12.00
# Visual Studio 15
VisualStudioVersion = 15.0.26124.0
MinimumVisualStudioVersion = 15.0.26124.0
Project("{9A19103F-16F7-4668-BE54-9A1E7A4F7556}") = "DocumentProcessor.Spreadsheets", "document-processor.spreadsheets\DocumentProcessor.Spreadsheets.csproj", "{4230D271-004B-4229-9DA3-8F37DC435D14}"
EndProject
Project("{9A19103F-16F7-4668-BE54-9A1E7A4F7556}") = "DocumentProcessorSpreadsheetsTests", "DocumentProcessorSpreadsheetsTests\DocumentProcessorSpreadsheetsTests.csproj", "{0066201D-1621-4E0B-909D-5FE7F4EB4703}"
EndProject
Project("{2150E333-8FDC-42A3-9474-1A3956D46DE8}") = "Tests", "Tests", "{3A49A920-1CD8-4A19-BA04-373F0D9A9C3B}"
EndProject
Global
	GlobalSection(SolutionConfigurationPlatforms) = preSolution
		Debug|Any CPU = Debug|Any CPU
		Debug|x64 = Debug|x64
		Debug|x86 = Debug|x86
		Release|Any CPU = Release|Any CPU
		Release|x64 = Release|x64
		Release|x86 = Release|x86
	EndGlobalSection
	GlobalSection(ProjectConfigurationPlatforms) = postSolution
		{4230D271-004B-4229-9DA3-8F37DC435D14}.Debug|Any CPU.ActiveCfg = Debug|Any CPU
		{4230D271-004B-4229-9DA3-8F37DC435D14}.Debug|Any CPU.Build.0 = Debug|Any CPU
		{4230D271-004B-4229-9DA3-8F37DC435D14}.Debug|x64.ActiveCfg = Debug|Any CPU
		{4230D271-004B-4229-9DA3-8F37DC435D14}.Debug|x64.Build.0 = Debug|Any CPU
		{4230D271-004B-4229-9DA3-8F37DC435D14}.Debug|x86.ActiveCfg = Debug|Any CPU
		{4230D271-004B-4229-9DA3-8F37DC435D14}.Debug|x86.Build.0 = Debug|Any CPU
		{4230D271-004B-4229-9DA3-8F37DC435D14}.Release|Any CPU.ActiveCfg = Release|Any CPU
		{4230D271-004B-4229-9DA3-8F37DC435D14}.Release|Any CPU.Build.0 = Release|Any CPU
		{4230D271-004B-4229-9DA3-8F37DC435D14}.Release|x64.ActiveCfg = Release|Any CPU
		{4230D271-004B-4229-9DA3-8F37DC435D14}.Release|x64.Build.0 = Release|Any CPU
		{4230D271-004B-4229-9DA3-8F37DC435D14}.Release|x86.ActiveCfg = Release|Any CPU
		{4230D271-004B-4229-9DA3-8F37DC435D14}.Release|x86.Build.0 = Release|Any CPU
		{0066201D-1621-4E0B-909D-5FE7F4EB4703}.Debug|Any CPU.ActiveCfg = Debug|Any CPU
		{0066201D-1621-4E0B-909D-5FE7F4EB4703}.Debug|Any CPU.Build.0 = Debug|Any CPU
		{0066201D-1621-4E0B-909D-5FE7F4EB4703}.Debug|x64.ActiveCfg = Debug|Any CPU
		{0066201D-1621-4E0B-909D-5FE7F4EB4703}.Debug|x64.Build.0 = Debug|Any CPU
		{0066201D-1621-4E0B-909D-5FE7F4EB4703}.Debug|x86.ActiveCfg = Debug|Any CPU
		{0066201D-1621-4E0B-909D-5FE7F4EB4703}.Debug|x86.Build.0 = Debug|Any CPU
		{0066201D-1621-4E0B-909D-5FE7F4EB4703}.Release|Any CPU.ActiveCfg = Release|Any CPU
		{0066201D-1621-4E0B-909D-5FE7F4EB4703}.Release|Any CPU.Build.0 = Release|Any CPU
		{0066201D-1621-4E0B-909D-5FE7F4EB4703}.Release|x64.ActiveCfg = Release|Any CPU
		{0066201D-1621-4E0B-909D-5FE7F4EB4703}.Release|x64.Build.0 = Release|Any CPU
		{0066201D-1621-4E0B-909D-5FE7F4EB4703}.Release|x86.ActiveCfg = Release|Any CPU
		{0066201D-1621-4E0B-909D-5FE7F4EB4703}.Release|x86.Build.0 = Release|Any CPU
	EndGlobalSection
	GlobalSection(SolutionProperties) = preSolution
		HideSolutionNode = FALSE
	EndGlobalSection
	GlobalSection(NestedProjects) = preSolution
		{0066201D-1621-4E0B-909D-5FE7F4EB4703} = {3A49A920-1CD8-4A19-BA04-373F0D9A9C3B}
	EndGlobalSection
	GlobalSection(ExtensibilityGlobals) = postSolution
		SolutionGuid = {7ABC2AB6-FA04-4815-9A7A-087043A98BB5}
	EndGlobalSection
EndGlobal
